// !$*UTF8*$!
{
	archiveVersion = 1;
	classes = {
	};
	objectVersion = 56;
	objects = {

/* Begin PBXBuildFile section */
		4B440500295B12930086C641 /* SmallVerticalButton.swift in Sources */ = {isa = PBXBuildFile; fileRef = 4B4404FF295B12930086C641 /* SmallVerticalButton.swift */; };
		4B440502295B1A4E0086C641 /* WhiteButton.swift in Sources */ = {isa = PBXBuildFile; fileRef = 4B440501295B1A4E0086C641 /* WhiteButton.swift */; };
		4BF9D99E295ACD35009D0DCB /* CloneNetFlixApp.swift in Sources */ = {isa = PBXBuildFile; fileRef = 4BF9D99D295ACD35009D0DCB /* CloneNetFlixApp.swift */; };
		4BF9D9A0295ACD35009D0DCB /* ContentView.swift in Sources */ = {isa = PBXBuildFile; fileRef = 4BF9D99F295ACD35009D0DCB /* ContentView.swift */; };
		4BF9D9A2295ACD36009D0DCB /* Assets.xcassets in Resources */ = {isa = PBXBuildFile; fileRef = 4BF9D9A1295ACD36009D0DCB /* Assets.xcassets */; };
		4BF9D9A5295ACD36009D0DCB /* Preview Assets.xcassets in Resources */ = {isa = PBXBuildFile; fileRef = 4BF9D9A4295ACD36009D0DCB /* Preview Assets.xcassets */; };
		4BF9D9AF295ACD37009D0DCB /* CloneNetFlixTests.swift in Sources */ = {isa = PBXBuildFile; fileRef = 4BF9D9AE295ACD37009D0DCB /* CloneNetFlixTests.swift */; };
		4BF9D9B9295ACD37009D0DCB /* CloneNetFlixUITests.swift in Sources */ = {isa = PBXBuildFile; fileRef = 4BF9D9B8295ACD37009D0DCB /* CloneNetFlixUITests.swift */; };
		4BF9D9BB295ACD37009D0DCB /* CloneNetFlixUITestsLaunchTests.swift in Sources */ = {isa = PBXBuildFile; fileRef = 4BF9D9BA295ACD37009D0DCB /* CloneNetFlixUITestsLaunchTests.swift */; };
		4BF9D9C9295ACED6009D0DCB /* HomeView.swift in Sources */ = {isa = PBXBuildFile; fileRef = 4BF9D9C8295ACED6009D0DCB /* HomeView.swift */; };
		4BF9D9CC295AD33E009D0DCB /* Kingfisher in Frameworks */ = {isa = PBXBuildFile; productRef = 4BF9D9CB295AD33E009D0DCB /* Kingfisher */; };
		4BF9D9D0295AD413009D0DCB /* Movie.swift in Sources */ = {isa = PBXBuildFile; fileRef = 4BF9D9CF295AD413009D0DCB /* Movie.swift */; };
		4BF9D9D2295AD53E009D0DCB /* StandardHomeMovie.swift in Sources */ = {isa = PBXBuildFile; fileRef = 4BF9D9D1295AD53E009D0DCB /* StandardHomeMovie.swift */; };
		4BF9D9D4295AD575009D0DCB /* GlobalMovieHelpers.swift in Sources */ = {isa = PBXBuildFile; fileRef = 4BF9D9D3295AD575009D0DCB /* GlobalMovieHelpers.swift */; };
		4BF9D9D6295AD8E2009D0DCB /* HomeVM.swift in Sources */ = {isa = PBXBuildFile; fileRef = 4BF9D9D5295AD8E2009D0DCB /* HomeVM.swift */; };
		4BF9D9D8295AE537009D0DCB /* TopMoviePreviewView.swift in Sources */ = {isa = PBXBuildFile; fileRef = 4BF9D9D7295AE537009D0DCB /* TopMoviePreviewView.swift */; };
/* End PBXBuildFile section */

/* Begin PBXContainerItemProxy section */
		4BF9D9AB295ACD37009D0DCB /* PBXContainerItemProxy */ = {
			isa = PBXContainerItemProxy;
			containerPortal = 4BF9D992295ACD35009D0DCB /* Project object */;
			proxyType = 1;
			remoteGlobalIDString = 4BF9D999295ACD35009D0DCB;
			remoteInfo = CloneNetFlix;
		};
		4BF9D9B5295ACD37009D0DCB /* PBXContainerItemProxy */ = {
			isa = PBXContainerItemProxy;
			containerPortal = 4BF9D992295ACD35009D0DCB /* Project object */;
			proxyType = 1;
			remoteGlobalIDString = 4BF9D999295ACD35009D0DCB;
			remoteInfo = CloneNetFlix;
		};
/* End PBXContainerItemProxy section */

/* Begin PBXFileReference section */
		4B4404FF295B12930086C641 /* SmallVerticalButton.swift */ = {isa = PBXFileReference; lastKnownFileType = sourcecode.swift; path = SmallVerticalButton.swift; sourceTree = "<group>"; };
		4B440501295B1A4E0086C641 /* WhiteButton.swift */ = {isa = PBXFileReference; lastKnownFileType = sourcecode.swift; path = WhiteButton.swift; sourceTree = "<group>"; };
		4BF9D99A295ACD35009D0DCB /* CloneNetFlix.app */ = {isa = PBXFileReference; explicitFileType = wrapper.application; includeInIndex = 0; path = CloneNetFlix.app; sourceTree = BUILT_PRODUCTS_DIR; };
		4BF9D99D295ACD35009D0DCB /* CloneNetFlixApp.swift */ = {isa = PBXFileReference; lastKnownFileType = sourcecode.swift; path = CloneNetFlixApp.swift; sourceTree = "<group>"; };
		4BF9D99F295ACD35009D0DCB /* ContentView.swift */ = {isa = PBXFileReference; lastKnownFileType = sourcecode.swift; path = ContentView.swift; sourceTree = "<group>"; };
		4BF9D9A1295ACD36009D0DCB /* Assets.xcassets */ = {isa = PBXFileReference; lastKnownFileType = folder.assetcatalog; path = Assets.xcassets; sourceTree = "<group>"; };
		4BF9D9A4295ACD36009D0DCB /* Preview Assets.xcassets */ = {isa = PBXFileReference; lastKnownFileType = folder.assetcatalog; path = "Preview Assets.xcassets"; sourceTree = "<group>"; };
		4BF9D9AA295ACD37009D0DCB /* CloneNetFlixTests.xctest */ = {isa = PBXFileReference; explicitFileType = wrapper.cfbundle; includeInIndex = 0; path = CloneNetFlixTests.xctest; sourceTree = BUILT_PRODUCTS_DIR; };
		4BF9D9AE295ACD37009D0DCB /* CloneNetFlixTests.swift */ = {isa = PBXFileReference; lastKnownFileType = sourcecode.swift; path = CloneNetFlixTests.swift; sourceTree = "<group>"; };
		4BF9D9B4295ACD37009D0DCB /* CloneNetFlixUITests.xctest */ = {isa = PBXFileReference; explicitFileType = wrapper.cfbundle; includeInIndex = 0; path = CloneNetFlixUITests.xctest; sourceTree = BUILT_PRODUCTS_DIR; };
		4BF9D9B8295ACD37009D0DCB /* CloneNetFlixUITests.swift */ = {isa = PBXFileReference; lastKnownFileType = sourcecode.swift; path = CloneNetFlixUITests.swift; sourceTree = "<group>"; };
		4BF9D9BA295ACD37009D0DCB /* CloneNetFlixUITestsLaunchTests.swift */ = {isa = PBXFileReference; lastKnownFileType = sourcecode.swift; path = CloneNetFlixUITestsLaunchTests.swift; sourceTree = "<group>"; };
		4BF9D9C8295ACED6009D0DCB /* HomeView.swift */ = {isa = PBXFileReference; lastKnownFileType = sourcecode.swift; path = HomeView.swift; sourceTree = "<group>"; };
		4BF9D9CF295AD413009D0DCB /* Movie.swift */ = {isa = PBXFileReference; lastKnownFileType = sourcecode.swift; path = Movie.swift; sourceTree = "<group>"; };
		4BF9D9D1295AD53E009D0DCB /* StandardHomeMovie.swift */ = {isa = PBXFileReference; lastKnownFileType = sourcecode.swift; path = StandardHomeMovie.swift; sourceTree = "<group>"; };
		4BF9D9D3295AD575009D0DCB /* GlobalMovieHelpers.swift */ = {isa = PBXFileReference; lastKnownFileType = sourcecode.swift; path = GlobalMovieHelpers.swift; sourceTree = "<group>"; };
		4BF9D9D5295AD8E2009D0DCB /* HomeVM.swift */ = {isa = PBXFileReference; lastKnownFileType = sourcecode.swift; path = HomeVM.swift; sourceTree = "<group>"; };
		4BF9D9D7295AE537009D0DCB /* TopMoviePreviewView.swift */ = {isa = PBXFileReference; lastKnownFileType = sourcecode.swift; path = TopMoviePreviewView.swift; sourceTree = "<group>"; };
/* End PBXFileReference section */

/* Begin PBXFrameworksBuildPhase section */
		4BF9D997295ACD35009D0DCB /* Frameworks */ = {
			isa = PBXFrameworksBuildPhase;
			buildActionMask = 2147483647;
			files = (
				4BF9D9CC295AD33E009D0DCB /* Kingfisher in Frameworks */,
			);
			runOnlyForDeploymentPostprocessing = 0;
		};
		4BF9D9A7295ACD37009D0DCB /* Frameworks */ = {
			isa = PBXFrameworksBuildPhase;
			buildActionMask = 2147483647;
			files = (
			);
			runOnlyForDeploymentPostprocessing = 0;
		};
		4BF9D9B1295ACD37009D0DCB /* Frameworks */ = {
			isa = PBXFrameworksBuildPhase;
			buildActionMask = 2147483647;
			files = (
			);
			runOnlyForDeploymentPostprocessing = 0;
		};
/* End PBXFrameworksBuildPhase section */

/* Begin PBXGroup section */
		4BF9D991295ACD35009D0DCB = {
			isa = PBXGroup;
			children = (
				4BF9D99C295ACD35009D0DCB /* CloneNetFlix */,
				4BF9D9AD295ACD37009D0DCB /* CloneNetFlixTests */,
				4BF9D9B7295ACD37009D0DCB /* CloneNetFlixUITests */,
				4BF9D99B295ACD35009D0DCB /* Products */,
			);
			sourceTree = "<group>";
		};
		4BF9D99B295ACD35009D0DCB /* Products */ = {
			isa = PBXGroup;
			children = (
				4BF9D99A295ACD35009D0DCB /* CloneNetFlix.app */,
				4BF9D9AA295ACD37009D0DCB /* CloneNetFlixTests.xctest */,
				4BF9D9B4295ACD37009D0DCB /* CloneNetFlixUITests.xctest */,
			);
			name = Products;
			sourceTree = "<group>";
		};
		4BF9D99C295ACD35009D0DCB /* CloneNetFlix */ = {
			isa = PBXGroup;
			children = (
				4BF9D9CE295AD3F5009D0DCB /* Model */,
				4BF9D9CD295AD3EA009D0DCB /* View */,
				4BF9D99D295ACD35009D0DCB /* CloneNetFlixApp.swift */,
				4BF9D99F295ACD35009D0DCB /* ContentView.swift */,
				4BF9D9A1295ACD36009D0DCB /* Assets.xcassets */,
				4BF9D9A3295ACD36009D0DCB /* Preview Content */,
				4BF9D9D3295AD575009D0DCB /* GlobalMovieHelpers.swift */,
			);
			path = CloneNetFlix;
			sourceTree = "<group>";
		};
		4BF9D9A3295ACD36009D0DCB /* Preview Content */ = {
			isa = PBXGroup;
			children = (
				4BF9D9A4295ACD36009D0DCB /* Preview Assets.xcassets */,
			);
			path = "Preview Content";
			sourceTree = "<group>";
		};
		4BF9D9AD295ACD37009D0DCB /* CloneNetFlixTests */ = {
			isa = PBXGroup;
			children = (
				4BF9D9AE295ACD37009D0DCB /* CloneNetFlixTests.swift */,
			);
			path = CloneNetFlixTests;
			sourceTree = "<group>";
		};
		4BF9D9B7295ACD37009D0DCB /* CloneNetFlixUITests */ = {
			isa = PBXGroup;
			children = (
				4BF9D9B8295ACD37009D0DCB /* CloneNetFlixUITests.swift */,
				4BF9D9BA295ACD37009D0DCB /* CloneNetFlixUITestsLaunchTests.swift */,
			);
			path = CloneNetFlixUITests;
			sourceTree = "<group>";
		};
		4BF9D9C7295ACEBE009D0DCB /* Home */ = {
			isa = PBXGroup;
			children = (
				4BF9D9C8295ACED6009D0DCB /* HomeView.swift */,
			);
			path = Home;
			sourceTree = "<group>";
		};
		4BF9D9CD295AD3EA009D0DCB /* View */ = {
			isa = PBXGroup;
			children = (
				4BF9D9C7295ACEBE009D0DCB /* Home */,
				4BF9D9D1295AD53E009D0DCB /* StandardHomeMovie.swift */,
				4BF9D9D7295AE537009D0DCB /* TopMoviePreviewView.swift */,
				4B4404FF295B12930086C641 /* SmallVerticalButton.swift */,
				4B440501295B1A4E0086C641 /* WhiteButton.swift */,
			);
			path = View;
			sourceTree = "<group>";
		};
		4BF9D9CE295AD3F5009D0DCB /* Model */ = {
			isa = PBXGroup;
			children = (
				4BF9D9CF295AD413009D0DCB /* Movie.swift */,
				4BF9D9D5295AD8E2009D0DCB /* HomeVM.swift */,
			);
			path = Model;
			sourceTree = "<group>";
		};
/* End PBXGroup section */

/* Begin PBXNativeTarget section */
		4BF9D999295ACD35009D0DCB /* CloneNetFlix */ = {
			isa = PBXNativeTarget;
			buildConfigurationList = 4BF9D9BE295ACD37009D0DCB /* Build configuration list for PBXNativeTarget "CloneNetFlix" */;
			buildPhases = (
				4BF9D996295ACD35009D0DCB /* Sources */,
				4BF9D997295ACD35009D0DCB /* Frameworks */,
				4BF9D998295ACD35009D0DCB /* Resources */,
			);
			buildRules = (
			);
			dependencies = (
			);
			name = CloneNetFlix;
			packageProductDependencies = (
				4BF9D9CB295AD33E009D0DCB /* Kingfisher */,
			);
			productName = CloneNetFlix;
			productReference = 4BF9D99A295ACD35009D0DCB /* CloneNetFlix.app */;
			productType = "com.apple.product-type.application";
		};
		4BF9D9A9295ACD37009D0DCB /* CloneNetFlixTests */ = {
			isa = PBXNativeTarget;
			buildConfigurationList = 4BF9D9C1295ACD37009D0DCB /* Build configuration list for PBXNativeTarget "CloneNetFlixTests" */;
			buildPhases = (
				4BF9D9A6295ACD37009D0DCB /* Sources */,
				4BF9D9A7295ACD37009D0DCB /* Frameworks */,
				4BF9D9A8295ACD37009D0DCB /* Resources */,
			);
			buildRules = (
			);
			dependencies = (
				4BF9D9AC295ACD37009D0DCB /* PBXTargetDependency */,
			);
			name = CloneNetFlixTests;
			productName = CloneNetFlixTests;
			productReference = 4BF9D9AA295ACD37009D0DCB /* CloneNetFlixTests.xctest */;
			productType = "com.apple.product-type.bundle.unit-test";
		};
		4BF9D9B3295ACD37009D0DCB /* CloneNetFlixUITests */ = {
			isa = PBXNativeTarget;
			buildConfigurationList = 4BF9D9C4295ACD37009D0DCB /* Build configuration list for PBXNativeTarget "CloneNetFlixUITests" */;
			buildPhases = (
				4BF9D9B0295ACD37009D0DCB /* Sources */,
				4BF9D9B1295ACD37009D0DCB /* Frameworks */,
				4BF9D9B2295ACD37009D0DCB /* Resources */,
			);
			buildRules = (
			);
			dependencies = (
				4BF9D9B6295ACD37009D0DCB /* PBXTargetDependency */,
			);
			name = CloneNetFlixUITests;
			productName = CloneNetFlixUITests;
			productReference = 4BF9D9B4295ACD37009D0DCB /* CloneNetFlixUITests.xctest */;
			productType = "com.apple.product-type.bundle.ui-testing";
		};
/* End PBXNativeTarget section */

/* Begin PBXProject section */
		4BF9D992295ACD35009D0DCB /* Project object */ = {
			isa = PBXProject;
			attributes = {
				BuildIndependentTargetsInParallel = 1;
				LastSwiftUpdateCheck = 1410;
				LastUpgradeCheck = 1410;
				TargetAttributes = {
					4BF9D999295ACD35009D0DCB = {
						CreatedOnToolsVersion = 14.1;
					};
					4BF9D9A9295ACD37009D0DCB = {
						CreatedOnToolsVersion = 14.1;
						TestTargetID = 4BF9D999295ACD35009D0DCB;
					};
					4BF9D9B3295ACD37009D0DCB = {
						CreatedOnToolsVersion = 14.1;
						TestTargetID = 4BF9D999295ACD35009D0DCB;
					};
				};
			};
			buildConfigurationList = 4BF9D995295ACD35009D0DCB /* Build configuration list for PBXProject "CloneNetFlix" */;
			compatibilityVersion = "Xcode 14.0";
			developmentRegion = en;
			hasScannedForEncodings = 0;
			knownRegions = (
				en,
				Base,
			);
			mainGroup = 4BF9D991295ACD35009D0DCB;
			packageReferences = (
				4BF9D9CA295AD33E009D0DCB /* XCRemoteSwiftPackageReference "Kingfisher" */,
			);
			productRefGroup = 4BF9D99B295ACD35009D0DCB /* Products */;
			projectDirPath = "";
			projectRoot = "";
			targets = (
				4BF9D999295ACD35009D0DCB /* CloneNetFlix */,
				4BF9D9A9295ACD37009D0DCB /* CloneNetFlixTests */,
				4BF9D9B3295ACD37009D0DCB /* CloneNetFlixUITests */,
			);
		};
/* End PBXProject section */

/* Begin PBXResourcesBuildPhase section */
		4BF9D998295ACD35009D0DCB /* Resources */ = {
			isa = PBXResourcesBuildPhase;
			buildActionMask = 2147483647;
			files = (
				4BF9D9A5295ACD36009D0DCB /* Preview Assets.xcassets in Resources */,
				4BF9D9A2295ACD36009D0DCB /* Assets.xcassets in Resources */,
			);
			runOnlyForDeploymentPostprocessing = 0;
		};
		4BF9D9A8295ACD37009D0DCB /* Resources */ = {
			isa = PBXResourcesBuildPhase;
			buildActionMask = 2147483647;
			files = (
			);
			runOnlyForDeploymentPostprocessing = 0;
		};
		4BF9D9B2295ACD37009D0DCB /* Resources */ = {
			isa = PBXResourcesBuildPhase;
			buildActionMask = 2147483647;
			files = (
			);
			runOnlyForDeploymentPostprocessing = 0;
		};
/* End PBXResourcesBuildPhase section */

/* Begin PBXSourcesBuildPhase section */
		4BF9D996295ACD35009D0DCB /* Sources */ = {
			isa = PBXSourcesBuildPhase;
			buildActionMask = 2147483647;
			files = (
				4BF9D9C9295ACED6009D0DCB /* HomeView.swift in Sources */,
				4BF9D9A0295ACD35009D0DCB /* ContentView.swift in Sources */,
				4BF9D9D6295AD8E2009D0DCB /* HomeVM.swift in Sources */,
				4BF9D9D2295AD53E009D0DCB /* StandardHomeMovie.swift in Sources */,
				4BF9D9D8295AE537009D0DCB /* TopMoviePreviewView.swift in Sources */,
				4BF9D9D0295AD413009D0DCB /* Movie.swift in Sources */,
				4BF9D99E295ACD35009D0DCB /* CloneNetFlixApp.swift in Sources */,
				4BF9D9D4295AD575009D0DCB /* GlobalMovieHelpers.swift in Sources */,
				4B440500295B12930086C641 /* SmallVerticalButton.swift in Sources */,
				4B440502295B1A4E0086C641 /* WhiteButton.swift in Sources */,
			);
			runOnlyForDeploymentPostprocessing = 0;
		};
		4BF9D9A6295ACD37009D0DCB /* Sources */ = {
			isa = PBXSourcesBuildPhase;
			buildActionMask = 2147483647;
			files = (
				4BF9D9AF295ACD37009D0DCB /* CloneNetFlixTests.swift in Sources */,
			);
			runOnlyForDeploymentPostprocessing = 0;
		};
		4BF9D9B0295ACD37009D0DCB /* Sources */ = {
			isa = PBXSourcesBuildPhase;
			buildActionMask = 2147483647;
			files = (
				4BF9D9B9295ACD37009D0DCB /* CloneNetFlixUITests.swift in Sources */,
				4BF9D9BB295ACD37009D0DCB /* CloneNetFlixUITestsLaunchTests.swift in Sources */,
			);
			runOnlyForDeploymentPostprocessing = 0;
		};
/* End PBXSourcesBuildPhase section */

/* Begin PBXTargetDependency section */
		4BF9D9AC295ACD37009D0DCB /* PBXTargetDependency */ = {
			isa = PBXTargetDependency;
			target = 4BF9D999295ACD35009D0DCB /* CloneNetFlix */;
			targetProxy = 4BF9D9AB295ACD37009D0DCB /* PBXContainerItemProxy */;
		};
		4BF9D9B6295ACD37009D0DCB /* PBXTargetDependency */ = {
			isa = PBXTargetDependency;
			target = 4BF9D999295ACD35009D0DCB /* CloneNetFlix */;
			targetProxy = 4BF9D9B5295ACD37009D0DCB /* PBXContainerItemProxy */;
		};
/* End PBXTargetDependency section */

/* Begin XCBuildConfiguration section */
		4BF9D9BC295ACD37009D0DCB /* Debug */ = {
			isa = XCBuildConfiguration;
			buildSettings = {
				ALWAYS_SEARCH_USER_PATHS = NO;
				CLANG_ANALYZER_NONNULL = YES;
				CLANG_ANALYZER_NUMBER_OBJECT_CONVERSION = YES_AGGRESSIVE;
				CLANG_CXX_LANGUAGE_STANDARD = "gnu++20";
				CLANG_ENABLE_MODULES = YES;
				CLANG_ENABLE_OBJC_ARC = YES;
				CLANG_ENABLE_OBJC_WEAK = YES;
				CLANG_WARN_BLOCK_CAPTURE_AUTORELEASING = YES;
				CLANG_WARN_BOOL_CONVERSION = YES;
				CLANG_WARN_COMMA = YES;
				CLANG_WARN_CONSTANT_CONVERSION = YES;
				CLANG_WARN_DEPRECATED_OBJC_IMPLEMENTATIONS = YES;
				CLANG_WARN_DIRECT_OBJC_ISA_USAGE = YES_ERROR;
				CLANG_WARN_DOCUMENTATION_COMMENTS = YES;
				CLANG_WARN_EMPTY_BODY = YES;
				CLANG_WARN_ENUM_CONVERSION = YES;
				CLANG_WARN_INFINITE_RECURSION = YES;
				CLANG_WARN_INT_CONVERSION = YES;
				CLANG_WARN_NON_LITERAL_NULL_CONVERSION = YES;
				CLANG_WARN_OBJC_IMPLICIT_RETAIN_SELF = YES;
				CLANG_WARN_OBJC_LITERAL_CONVERSION = YES;
				CLANG_WARN_OBJC_ROOT_CLASS = YES_ERROR;
				CLANG_WARN_QUOTED_INCLUDE_IN_FRAMEWORK_HEADER = YES;
				CLANG_WARN_RANGE_LOOP_ANALYSIS = YES;
				CLANG_WARN_STRICT_PROTOTYPES = YES;
				CLANG_WARN_SUSPICIOUS_MOVE = YES;
				CLANG_WARN_UNGUARDED_AVAILABILITY = YES_AGGRESSIVE;
				CLANG_WARN_UNREACHABLE_CODE = YES;
				CLANG_WARN__DUPLICATE_METHOD_MATCH = YES;
				COPY_PHASE_STRIP = NO;
				DEBUG_INFORMATION_FORMAT = dwarf;
				ENABLE_STRICT_OBJC_MSGSEND = YES;
				ENABLE_TESTABILITY = YES;
				GCC_C_LANGUAGE_STANDARD = gnu11;
				GCC_DYNAMIC_NO_PIC = NO;
				GCC_NO_COMMON_BLOCKS = YES;
				GCC_OPTIMIZATION_LEVEL = 0;
				GCC_PREPROCESSOR_DEFINITIONS = (
					"DEBUG=1",
					"$(inherited)",
				);
				GCC_WARN_64_TO_32_BIT_CONVERSION = YES;
				GCC_WARN_ABOUT_RETURN_TYPE = YES_ERROR;
				GCC_WARN_UNDECLARED_SELECTOR = YES;
				GCC_WARN_UNINITIALIZED_AUTOS = YES_AGGRESSIVE;
				GCC_WARN_UNUSED_FUNCTION = YES;
				GCC_WARN_UNUSED_VARIABLE = YES;
				IPHONEOS_DEPLOYMENT_TARGET = 16.1;
				MTL_ENABLE_DEBUG_INFO = INCLUDE_SOURCE;
				MTL_FAST_MATH = YES;
				ONLY_ACTIVE_ARCH = YES;
				SDKROOT = iphoneos;
				SWIFT_ACTIVE_COMPILATION_CONDITIONS = DEBUG;
				SWIFT_OPTIMIZATION_LEVEL = "-Onone";
			};
			name = Debug;
		};
		4BF9D9BD295ACD37009D0DCB /* Release */ = {
			isa = XCBuildConfiguration;
			buildSettings = {
				ALWAYS_SEARCH_USER_PATHS = NO;
				CLANG_ANALYZER_NONNULL = YES;
				CLANG_ANALYZER_NUMBER_OBJECT_CONVERSION = YES_AGGRESSIVE;
				CLANG_CXX_LANGUAGE_STANDARD = "gnu++20";
				CLANG_ENABLE_MODULES = YES;
				CLANG_ENABLE_OBJC_ARC = YES;
				CLANG_ENABLE_OBJC_WEAK = YES;
				CLANG_WARN_BLOCK_CAPTURE_AUTORELEASING = YES;
				CLANG_WARN_BOOL_CONVERSION = YES;
				CLANG_WARN_COMMA = YES;
				CLANG_WARN_CONSTANT_CONVERSION = YES;
				CLANG_WARN_DEPRECATED_OBJC_IMPLEMENTATIONS = YES;
				CLANG_WARN_DIRECT_OBJC_ISA_USAGE = YES_ERROR;
				CLANG_WARN_DOCUMENTATION_COMMENTS = YES;
				CLANG_WARN_EMPTY_BODY = YES;
				CLANG_WARN_ENUM_CONVERSION = YES;
				CLANG_WARN_INFINITE_RECURSION = YES;
				CLANG_WARN_INT_CONVERSION = YES;
				CLANG_WARN_NON_LITERAL_NULL_CONVERSION = YES;
				CLANG_WARN_OBJC_IMPLICIT_RETAIN_SELF = YES;
				CLANG_WARN_OBJC_LITERAL_CONVERSION = YES;
				CLANG_WARN_OBJC_ROOT_CLASS = YES_ERROR;
				CLANG_WARN_QUOTED_INCLUDE_IN_FRAMEWORK_HEADER = YES;
				CLANG_WARN_RANGE_LOOP_ANALYSIS = YES;
				CLANG_WARN_STRICT_PROTOTYPES = YES;
				CLANG_WARN_SUSPICIOUS_MOVE = YES;
				CLANG_WARN_UNGUARDED_AVAILABILITY = YES_AGGRESSIVE;
				CLANG_WARN_UNREACHABLE_CODE = YES;
				CLANG_WARN__DUPLICATE_METHOD_MATCH = YES;
				COPY_PHASE_STRIP = NO;
				DEBUG_INFORMATION_FORMAT = "dwarf-with-dsym";
				ENABLE_NS_ASSERTIONS = NO;
				ENABLE_STRICT_OBJC_MSGSEND = YES;
				GCC_C_LANGUAGE_STANDARD = gnu11;
				GCC_NO_COMMON_BLOCKS = YES;
				GCC_WARN_64_TO_32_BIT_CONVERSION = YES;
				GCC_WARN_ABOUT_RETURN_TYPE = YES_ERROR;
				GCC_WARN_UNDECLARED_SELECTOR = YES;
				GCC_WARN_UNINITIALIZED_AUTOS = YES_AGGRESSIVE;
				GCC_WARN_UNUSED_FUNCTION = YES;
				GCC_WARN_UNUSED_VARIABLE = YES;
				IPHONEOS_DEPLOYMENT_TARGET = 16.1;
				MTL_ENABLE_DEBUG_INFO = NO;
				MTL_FAST_MATH = YES;
				SDKROOT = iphoneos;
				SWIFT_COMPILATION_MODE = wholemodule;
				SWIFT_OPTIMIZATION_LEVEL = "-O";
				VALIDATE_PRODUCT = YES;
			};
			name = Release;
		};
		4BF9D9BF295ACD37009D0DCB /* Debug */ = {
			isa = XCBuildConfiguration;
			buildSettings = {
				ASSETCATALOG_COMPILER_APPICON_NAME = AppIcon;
				ASSETCATALOG_COMPILER_GLOBAL_ACCENT_COLOR_NAME = AccentColor;
				CODE_SIGN_STYLE = Automatic;
				CURRENT_PROJECT_VERSION = 1;
				DEVELOPMENT_ASSET_PATHS = "\"CloneNetFlix/Preview Content\"";
				ENABLE_PREVIEWS = YES;
				GENERATE_INFOPLIST_FILE = YES;
				INFOPLIST_KEY_UIApplicationSceneManifest_Generation = YES;
				INFOPLIST_KEY_UIApplicationSupportsIndirectInputEvents = YES;
				INFOPLIST_KEY_UILaunchScreen_Generation = YES;
				INFOPLIST_KEY_UISupportedInterfaceOrientations_iPad = "UIInterfaceOrientationPortrait UIInterfaceOrientationPortraitUpsideDown UIInterfaceOrientationLandscapeLeft UIInterfaceOrientationLandscapeRight";
				INFOPLIST_KEY_UISupportedInterfaceOrientations_iPhone = "UIInterfaceOrientationPortrait UIInterfaceOrientationLandscapeLeft UIInterfaceOrientationLandscapeRight";
				LD_RUNPATH_SEARCH_PATHS = (
					"$(inherited)",
					"@executable_path/Frameworks",
				);
				MARKETING_VERSION = 1.0;
				PRODUCT_BUNDLE_IDENTIFIER = sn.skillshare.CloneNetFlix;
				PRODUCT_NAME = "$(TARGET_NAME)";
				SWIFT_EMIT_LOC_STRINGS = YES;
				SWIFT_VERSION = 5.0;
				TARGETED_DEVICE_FAMILY = "1,2";
			};
			name = Debug;
		};
		4BF9D9C0295ACD37009D0DCB /* Release */ = {
			isa = XCBuildConfiguration;
			buildSettings = {
				ASSETCATALOG_COMPILER_APPICON_NAME = AppIcon;
				ASSETCATALOG_COMPILER_GLOBAL_ACCENT_COLOR_NAME = AccentColor;
				CODE_SIGN_STYLE = Automatic;
				CURRENT_PROJECT_VERSION = 1;
				DEVELOPMENT_ASSET_PATHS = "\"CloneNetFlix/Preview Content\"";
				ENABLE_PREVIEWS = YES;
				GENERATE_INFOPLIST_FILE = YES;
				INFOPLIST_KEY_UIApplicationSceneManifest_Generation = YES;
				INFOPLIST_KEY_UIApplicationSupportsIndirectInputEvents = YES;
				INFOPLIST_KEY_UILaunchScreen_Generation = YES;
				INFOPLIST_KEY_UISupportedInterfaceOrientations_iPad = "UIInterfaceOrientationPortrait UIInterfaceOrientationPortraitUpsideDown UIInterfaceOrientationLandscapeLeft UIInterfaceOrientationLandscapeRight";
				INFOPLIST_KEY_UISupportedInterfaceOrientations_iPhone = "UIInterfaceOrientationPortrait UIInterfaceOrientationLandscapeLeft UIInterfaceOrientationLandscapeRight";
				LD_RUNPATH_SEARCH_PATHS = (
					"$(inherited)",
					"@executable_path/Frameworks",
				);
				MARKETING_VERSION = 1.0;
				PRODUCT_BUNDLE_IDENTIFIER = sn.skillshare.CloneNetFlix;
				PRODUCT_NAME = "$(TARGET_NAME)";
				SWIFT_EMIT_LOC_STRINGS = YES;
				SWIFT_VERSION = 5.0;
				TARGETED_DEVICE_FAMILY = "1,2";
			};
			name = Release;
		};
		4BF9D9C2295ACD37009D0DCB /* Debug */ = {
			isa = XCBuildConfiguration;
			buildSettings = {
				ALWAYS_EMBED_SWIFT_STANDARD_LIBRARIES = YES;
				BUNDLE_LOADER = "$(TEST_HOST)";
				CODE_SIGN_STYLE = Automatic;
				CURRENT_PROJECT_VERSION = 1;
				GENERATE_INFOPLIST_FILE = YES;
				IPHONEOS_DEPLOYMENT_TARGET = 16.1;
				MARKETING_VERSION = 1.0;
				PRODUCT_BUNDLE_IDENTIFIER = sn.skillshare.CloneNetFlixTests;
				PRODUCT_NAME = "$(TARGET_NAME)";
				SWIFT_EMIT_LOC_STRINGS = NO;
				SWIFT_VERSION = 5.0;
				TARGETED_DEVICE_FAMILY = "1,2";
				TEST_HOST = "$(BUILT_PRODUCTS_DIR)/CloneNetFlix.app/$(BUNDLE_EXECUTABLE_FOLDER_PATH)/CloneNetFlix";
			};
			name = Debug;
		};
		4BF9D9C3295ACD37009D0DCB /* Release */ = {
			isa = XCBuildConfiguration;
			buildSettings = {
				ALWAYS_EMBED_SWIFT_STANDARD_LIBRARIES = YES;
				BUNDLE_LOADER = "$(TEST_HOST)";
				CODE_SIGN_STYLE = Automatic;
				CURRENT_PROJECT_VERSION = 1;
				GENERATE_INFOPLIST_FILE = YES;
				IPHONEOS_DEPLOYMENT_TARGET = 16.1;
				MARKETING_VERSION = 1.0;
				PRODUCT_BUNDLE_IDENTIFIER = sn.skillshare.CloneNetFlixTests;
				PRODUCT_NAME = "$(TARGET_NAME)";
				SWIFT_EMIT_LOC_STRINGS = NO;
				SWIFT_VERSION = 5.0;
				TARGETED_DEVICE_FAMILY = "1,2";
				TEST_HOST = "$(BUILT_PRODUCTS_DIR)/CloneNetFlix.app/$(BUNDLE_EXECUTABLE_FOLDER_PATH)/CloneNetFlix";
			};
			name = Release;
		};
		4BF9D9C5295ACD37009D0DCB /* Debug */ = {
			isa = XCBuildConfiguration;
			buildSettings = {
				ALWAYS_EMBED_SWIFT_STANDARD_LIBRARIES = YES;
				CODE_SIGN_STYLE = Automatic;
				CURRENT_PROJECT_VERSION = 1;
				GENERATE_INFOPLIST_FILE = YES;
				MARKETING_VERSION = 1.0;
				PRODUCT_BUNDLE_IDENTIFIER = sn.skillshare.CloneNetFlixUITests;
				PRODUCT_NAME = "$(TARGET_NAME)";
				SWIFT_EMIT_LOC_STRINGS = NO;
				SWIFT_VERSION = 5.0;
				TARGETED_DEVICE_FAMILY = "1,2";
				TEST_TARGET_NAME = CloneNetFlix;
			};
			name = Debug;
		};
		4BF9D9C6295ACD37009D0DCB /* Release */ = {
			isa = XCBuildConfiguration;
			buildSettings = {
				ALWAYS_EMBED_SWIFT_STANDARD_LIBRARIES = YES;
				CODE_SIGN_STYLE = Automatic;
				CURRENT_PROJECT_VERSION = 1;
				GENERATE_INFOPLIST_FILE = YES;
				MARKETING_VERSION = 1.0;
				PRODUCT_BUNDLE_IDENTIFIER = sn.skillshare.CloneNetFlixUITests;
				PRODUCT_NAME = "$(TARGET_NAME)";
				SWIFT_EMIT_LOC_STRINGS = NO;
				SWIFT_VERSION = 5.0;
				TARGETED_DEVICE_FAMILY = "1,2";
				TEST_TARGET_NAME = CloneNetFlix;
			};
			name = Release;
		};
/* End XCBuildConfiguration section */

/* Begin XCConfigurationList section */
		4BF9D995295ACD35009D0DCB /* Build configuration list for PBXProject "CloneNetFlix" */ = {
			isa = XCConfigurationList;
			buildConfigurations = (
				4BF9D9BC295ACD37009D0DCB /* Debug */,
				4BF9D9BD295ACD37009D0DCB /* Release */,
			);
			defaultConfigurationIsVisible = 0;
			defaultConfigurationName = Release;
		};
		4BF9D9BE295ACD37009D0DCB /* Build configuration list for PBXNativeTarget "CloneNetFlix" */ = {
			isa = XCConfigurationList;
			buildConfigurations = (
				4BF9D9BF295ACD37009D0DCB /* Debug */,
				4BF9D9C0295ACD37009D0DCB /* Release */,
			);
			defaultConfigurationIsVisible = 0;
			defaultConfigurationName = Release;
		};
		4BF9D9C1295ACD37009D0DCB /* Build configuration list for PBXNativeTarget "CloneNetFlixTests" */ = {
			isa = XCConfigurationList;
			buildConfigurations = (
				4BF9D9C2295ACD37009D0DCB /* Debug */,
				4BF9D9C3295ACD37009D0DCB /* Release */,
			);
			defaultConfigurationIsVisible = 0;
			defaultConfigurationName = Release;
		};
		4BF9D9C4295ACD37009D0DCB /* Build configuration list for PBXNativeTarget "CloneNetFlixUITests" */ = {
			isa = XCConfigurationList;
			buildConfigurations = (
				4BF9D9C5295ACD37009D0DCB /* Debug */,
				4BF9D9C6295ACD37009D0DCB /* Release */,
			);
			defaultConfigurationIsVisible = 0;
			defaultConfigurationName = Release;
		};
/* End XCConfigurationList section */

/* Begin XCRemoteSwiftPackageReference section */
		4BF9D9CA295AD33E009D0DCB /* XCRemoteSwiftPackageReference "Kingfisher" */ = {
			isa = XCRemoteSwiftPackageReference;
			repositoryURL = "https://github.com/onevcat/Kingfisher.git";
			requirement = {
				branch = master;
				kind = branch;
			};
		};
/* End XCRemoteSwiftPackageReference section */

/* Begin XCSwiftPackageProductDependency section */
		4BF9D9CB295AD33E009D0DCB /* Kingfisher */ = {
			isa = XCSwiftPackageProductDependency;
			package = 4BF9D9CA295AD33E009D0DCB /* XCRemoteSwiftPackageReference "Kingfisher" */;
			productName = Kingfisher;
		};
/* End XCSwiftPackageProductDependency section */
	};
	rootObject = 4BF9D992295ACD35009D0DCB /* Project object */;
}
